
Microsoft Visual Studio Solution File, Format Version 12.00
# Visual Studio Version 17
VisualStudioVersion = 17.6.33801.468
MinimumVisualStudioVersion = 10.0.40219.1
Project("{FAE04EC0-301F-11D3-BF4B-00C04F79EFBC}") = "BudgetWeb", "BudgetWeb.csproj", "{D80A7026-B4EB-4701-A708-6C09C7D9071E}"
EndProject
Global
	GlobalSection(SolutionConfigurationPlatforms) = preSolution
		Debug|Any CPU = Debug|Any CPU
		Release|Any CPU = Release|Any CPU
	EndGlobalSection
	GlobalSection(ProjectConfigurationPlatforms) = postSolution
		{D80A7026-B4EB-4701-A708-6C09C7D9071E}.Debug|Any CPU.ActiveCfg = Debug|Any CPU
		{D80A7026-B4EB-4701-A708-6C09C7D9071E}.Debug|Any CPU.Build.0 = Debug|Any CPU
		{D80A7026-B4EB-4701-A708-6C09C7D9071E}.Release|Any CPU.ActiveCfg = Release|Any CPU
		{D80A7026-B4EB-4701-A708-6C09C7D9071E}.Release|Any CPU.Build.0 = Release|Any CPU
	EndGlobalSection
	GlobalSection(SolutionProperties) = preSolution
		HideSolutionNode = FALSE
	EndGlobalSection
	GlobalSection(ExtensibilityGlobals) = postSolution
		SolutionGuid = {20E19703-B6F7-4880-AFB7-18DAAD1E9312}
	EndGlobalSection
EndGlobal
